
Microsoft Visual Studio Solution File, Format Version 12.00
# Visual Studio Version 16
VisualStudioVersion = 16.0.810.8
MinimumVisualStudioVersion = 10.0.40219.1
Project("{FAE04EC0-301F-11D3-BF4B-00C04F79EFBC}") = "TakeoutSystem", "TakeoutSystem\TakeoutSystem.csproj", "{D33D5A03-7A76-40D9-BE52-694297DCF040}"
EndProject
Project("{FAE04EC0-301F-11D3-BF4B-00C04F79EFBC}") = "TakeoutSystem.Tests", "TakeoutSystem.Tests\TakeoutSystem.Tests.csproj", "{C08D074C-D794-4CFB-A585-0394D0C5DA7C}"
EndProject
Global
	GlobalSection(SolutionConfigurationPlatforms) = preSolution
		Debug|Any CPU = Debug|Any CPU
		Release|Any CPU = Release|Any CPU
	EndGlobalSection
	GlobalSection(ProjectConfigurationPlatforms) = postSolution
		{D33D5A03-7A76-40D9-BE52-694297DCF040}.Debug|Any CPU.ActiveCfg = Debug|Any CPU
		{D33D5A03-7A76-40D9-BE52-694297DCF040}.Debug|Any CPU.Build.0 = Debug|Any CPU
		{D33D5A03-7A76-40D9-BE52-694297DCF040}.Release|Any CPU.ActiveCfg = Release|Any CPU
		{D33D5A03-7A76-40D9-BE52-694297DCF040}.Release|Any CPU.Build.0 = Release|Any CPU
		{C08D074C-D794-4CFB-A585-0394D0C5DA7C}.Debug|Any CPU.ActiveCfg = Debug|Any CPU
		{C08D074C-D794-4CFB-A585-0394D0C5DA7C}.Debug|Any CPU.Build.0 = Debug|Any CPU
		{C08D074C-D794-4CFB-A585-0394D0C5DA7C}.Release|Any CPU.ActiveCfg = Release|Any CPU
		{C08D074C-D794-4CFB-A585-0394D0C5DA7C}.Release|Any CPU.Build.0 = Release|Any CPU
	EndGlobalSection
	GlobalSection(SolutionProperties) = preSolution
		HideSolutionNode = FALSE
	EndGlobalSection
	GlobalSection(ExtensibilityGlobals) = postSolution
		SolutionGuid = {F56342F5-38F0-4BF0-845E-FD8AB5150105}
	EndGlobalSection
EndGlobal
